
Microsoft Visual Studio Solution File, Format Version 12.00
# Visual Studio Version 16
VisualStudioVersion = 16.0.30002.166
MinimumVisualStudioVersion = 10.0.40219.1
Project("{9A19103F-16F7-4668-BE54-9A1E7A4F7556}") = "Aula97ap", "Aula97ap\Aula97ap.csproj", "{C2A2FD5A-561B-48E5-8B16-0B8FAB9D755E}"
EndProject
Project("{9A19103F-16F7-4668-BE54-9A1E7A4F7556}") = "Aula115ap", "Aula115ap\Aula115ap.csproj", "{FDA2673A-146F-44BE-8EE3-B782B72060AE}"
EndProject
Project("{9A19103F-16F7-4668-BE54-9A1E7A4F7556}") = "Aula119ap", "Aula119ap\Aula119ap.csproj", "{4DB63FFA-9AB5-4575-8AAB-639EF2269E9F}"
EndProject
Project("{9A19103F-16F7-4668-BE54-9A1E7A4F7556}") = "Aula121ap", "Aula121ap\Aula121ap.csproj", "{6596547D-5191-421F-AAD7-9725CF45DBE9}"
EndProject
Project("{9A19103F-16F7-4668-BE54-9A1E7A4F7556}") = "Aula122ap", "Aula122ap\Aula122ap.csproj", "{7E8B69B8-3CD2-4625-837B-366E10058220}"
EndProject
Project("{9A19103F-16F7-4668-BE54-9A1E7A4F7556}") = "Aula122bp", "Aula122bp\Aula122bp.csproj", "{5E7FD248-F76B-47C4-A9BF-28F03D0E6ED6}"
EndProject
Project("{9A19103F-16F7-4668-BE54-9A1E7A4F7556}") = "Aula125ap", "Aula125ap\Aula125ap.csproj", "{BC4CF964-96BF-48CD-B263-C8736ED3C7F3}"
EndProject
Project("{9A19103F-16F7-4668-BE54-9A1E7A4F7556}") = "Aula126ap", "Aula126ap\Aula126ap.csproj", "{880A8B71-A7AE-4F74-A820-D5E76A4DF778}"
EndProject
Project("{9A19103F-16F7-4668-BE54-9A1E7A4F7556}") = "Aula126bp", "Aula126bp\Aula126bp.csproj", "{6DB428C0-121B-4E23-85DE-B51D884B61AA}"
EndProject
Project("{9A19103F-16F7-4668-BE54-9A1E7A4F7556}") = "Aula126cp", "Aula126cp\Aula126cp.csproj", "{14A1F518-B5FC-40E3-9C7F-36AF8CA0D9DA}"
EndProject
Project("{9A19103F-16F7-4668-BE54-9A1E7A4F7556}") = "Aula127ap", "Aula127ap\Aula127ap.csproj", "{620F6EDC-82A7-4289-A810-EF357EC4FDB8}"
EndProject
Project("{9A19103F-16F7-4668-BE54-9A1E7A4F7556}") = "Aula127bp", "Aula127bp\Aula127bp.csproj", "{F74AD07F-31D3-4505-83A8-1FF29003EBBA}"
EndProject
Project("{9A19103F-16F7-4668-BE54-9A1E7A4F7556}") = "Aula127cp", "Aula127cp\Aula127cp.csproj", "{DCF3E6D5-0326-4E89-977F-5DFFECF3CDF5}"
EndProject
Project("{9A19103F-16F7-4668-BE54-9A1E7A4F7556}") = "aula128ap", "aula128ap\aula128ap.csproj", "{14406A10-7676-4B0B-A187-04A39345EA92}"
EndProject
Project("{FAE04EC0-301F-11D3-BF4B-00C04F79EFBC}") = "Aula129ap", "Aula129ap\Aula129ap.csproj", "{BDB29627-D793-40CD-B480-6B0D043D4242}"
EndProject
Global
	GlobalSection(SolutionConfigurationPlatforms) = preSolution
		Debug|Any CPU = Debug|Any CPU
		Release|Any CPU = Release|Any CPU
	EndGlobalSection
	GlobalSection(ProjectConfigurationPlatforms) = postSolution
		{C2A2FD5A-561B-48E5-8B16-0B8FAB9D755E}.Debug|Any CPU.ActiveCfg = Debug|Any CPU
		{C2A2FD5A-561B-48E5-8B16-0B8FAB9D755E}.Debug|Any CPU.Build.0 = Debug|Any CPU
		{C2A2FD5A-561B-48E5-8B16-0B8FAB9D755E}.Release|Any CPU.ActiveCfg = Release|Any CPU
		{C2A2FD5A-561B-48E5-8B16-0B8FAB9D755E}.Release|Any CPU.Build.0 = Release|Any CPU
		{FDA2673A-146F-44BE-8EE3-B782B72060AE}.Debug|Any CPU.ActiveCfg = Debug|Any CPU
		{FDA2673A-146F-44BE-8EE3-B782B72060AE}.Debug|Any CPU.Build.0 = Debug|Any CPU
		{FDA2673A-146F-44BE-8EE3-B782B72060AE}.Release|Any CPU.ActiveCfg = Release|Any CPU
		{FDA2673A-146F-44BE-8EE3-B782B72060AE}.Release|Any CPU.Build.0 = Release|Any CPU
		{4DB63FFA-9AB5-4575-8AAB-639EF2269E9F}.Debug|Any CPU.ActiveCfg = Debug|Any CPU
		{4DB63FFA-9AB5-4575-8AAB-639EF2269E9F}.Debug|Any CPU.Build.0 = Debug|Any CPU
		{4DB63FFA-9AB5-4575-8AAB-639EF2269E9F}.Release|Any CPU.ActiveCfg = Release|Any CPU
		{4DB63FFA-9AB5-4575-8AAB-639EF2269E9F}.Release|Any CPU.Build.0 = Release|Any CPU
		{6596547D-5191-421F-AAD7-9725CF45DBE9}.Debug|Any CPU.ActiveCfg = Debug|Any CPU
		{6596547D-5191-421F-AAD7-9725CF45DBE9}.Debug|Any CPU.Build.0 = Debug|Any CPU
		{6596547D-5191-421F-AAD7-9725CF45DBE9}.Release|Any CPU.ActiveCfg = Release|Any CPU
		{6596547D-5191-421F-AAD7-9725CF45DBE9}.Release|Any CPU.Build.0 = Release|Any CPU
		{7E8B69B8-3CD2-4625-837B-366E10058220}.Debug|Any CPU.ActiveCfg = Debug|Any CPU
		{7E8B69B8-3CD2-4625-837B-366E10058220}.Debug|Any CPU.Build.0 = Debug|Any CPU
		{7E8B69B8-3CD2-4625-837B-366E10058220}.Release|Any CPU.ActiveCfg = Release|Any CPU
		{7E8B69B8-3CD2-4625-837B-366E10058220}.Release|Any CPU.Build.0 = Release|Any CPU
		{5E7FD248-F76B-47C4-A9BF-28F03D0E6ED6}.Debug|Any CPU.ActiveCfg = Debug|Any CPU
		{5E7FD248-F76B-47C4-A9BF-28F03D0E6ED6}.Debug|Any CPU.Build.0 = Debug|Any CPU
		{5E7FD248-F76B-47C4-A9BF-28F03D0E6ED6}.Release|Any CPU.ActiveCfg = Release|Any CPU
		{5E7FD248-F76B-47C4-A9BF-28F03D0E6ED6}.Release|Any CPU.Build.0 = Release|Any CPU
		{BC4CF964-96BF-48CD-B263-C8736ED3C7F3}.Debug|Any CPU.ActiveCfg = Debug|Any CPU
		{BC4CF964-96BF-48CD-B263-C8736ED3C7F3}.Debug|Any CPU.Build.0 = Debug|Any CPU
		{BC4CF964-96BF-48CD-B263-C8736ED3C7F3}.Release|Any CPU.ActiveCfg = Release|Any CPU
		{BC4CF964-96BF-48CD-B263-C8736ED3C7F3}.Release|Any CPU.Build.0 = Release|Any CPU
		{880A8B71-A7AE-4F74-A820-D5E76A4DF778}.Debug|Any CPU.ActiveCfg = Debug|Any CPU
		{880A8B71-A7AE-4F74-A820-D5E76A4DF778}.Debug|Any CPU.Build.0 = Debug|Any CPU
		{880A8B71-A7AE-4F74-A820-D5E76A4DF778}.Release|Any CPU.ActiveCfg = Release|Any CPU
		{880A8B71-A7AE-4F74-A820-D5E76A4DF778}.Release|Any CPU.Build.0 = Release|Any CPU
		{6DB428C0-121B-4E23-85DE-B51D884B61AA}.Debug|Any CPU.ActiveCfg = Debug|Any CPU
		{6DB428C0-121B-4E23-85DE-B51D884B61AA}.Debug|Any CPU.Build.0 = Debug|Any CPU
		{6DB428C0-121B-4E23-85DE-B51D884B61AA}.Release|Any CPU.ActiveCfg = Release|Any CPU
		{6DB428C0-121B-4E23-85DE-B51D884B61AA}.Release|Any CPU.Build.0 = Release|Any CPU
		{14A1F518-B5FC-40E3-9C7F-36AF8CA0D9DA}.Debug|Any CPU.ActiveCfg = Debug|Any CPU
		{14A1F518-B5FC-40E3-9C7F-36AF8CA0D9DA}.Debug|Any CPU.Build.0 = Debug|Any CPU
		{14A1F518-B5FC-40E3-9C7F-36AF8CA0D9DA}.Release|Any CPU.ActiveCfg = Release|Any CPU
		{14A1F518-B5FC-40E3-9C7F-36AF8CA0D9DA}.Release|Any CPU.Build.0 = Release|Any CPU
		{620F6EDC-82A7-4289-A810-EF357EC4FDB8}.Debug|Any CPU.ActiveCfg = Debug|Any CPU
		{620F6EDC-82A7-4289-A810-EF357EC4FDB8}.Debug|Any CPU.Build.0 = Debug|Any CPU
		{620F6EDC-82A7-4289-A810-EF357EC4FDB8}.Release|Any CPU.ActiveCfg = Release|Any CPU
		{620F6EDC-82A7-4289-A810-EF357EC4FDB8}.Release|Any CPU.Build.0 = Release|Any CPU
		{F74AD07F-31D3-4505-83A8-1FF29003EBBA}.Debug|Any CPU.ActiveCfg = Debug|Any CPU
		{F74AD07F-31D3-4505-83A8-1FF29003EBBA}.Debug|Any CPU.Build.0 = Debug|Any CPU
		{F74AD07F-31D3-4505-83A8-1FF29003EBBA}.Release|Any CPU.ActiveCfg = Release|Any CPU
		{F74AD07F-31D3-4505-83A8-1FF29003EBBA}.Release|Any CPU.Build.0 = Release|Any CPU
		{DCF3E6D5-0326-4E89-977F-5DFFECF3CDF5}.Debug|Any CPU.ActiveCfg = Debug|Any CPU
		{DCF3E6D5-0326-4E89-977F-5DFFECF3CDF5}.Debug|Any CPU.Build.0 = Debug|Any CPU
		{DCF3E6D5-0326-4E89-977F-5DFFECF3CDF5}.Release|Any CPU.ActiveCfg = Release|Any CPU
		{DCF3E6D5-0326-4E89-977F-5DFFECF3CDF5}.Release|Any CPU.Build.0 = Release|Any CPU
		{14406A10-7676-4B0B-A187-04A39345EA92}.Debug|Any CPU.ActiveCfg = Debug|Any CPU
		{14406A10-7676-4B0B-A187-04A39345EA92}.Debug|Any CPU.Build.0 = Debug|Any CPU
		{14406A10-7676-4B0B-A187-04A39345EA92}.Release|Any CPU.ActiveCfg = Release|Any CPU
		{14406A10-7676-4B0B-A187-04A39345EA92}.Release|Any CPU.Build.0 = Release|Any CPU
		{BDB29627-D793-40CD-B480-6B0D043D4242}.Debug|Any CPU.ActiveCfg = Debug|Any CPU
		{BDB29627-D793-40CD-B480-6B0D043D4242}.Debug|Any CPU.Build.0 = Debug|Any CPU
		{BDB29627-D793-40CD-B480-6B0D043D4242}.Release|Any CPU.ActiveCfg = Release|Any CPU
		{BDB29627-D793-40CD-B480-6B0D043D4242}.Release|Any CPU.Build.0 = Release|Any CPU
	EndGlobalSection
	GlobalSection(SolutionProperties) = preSolution
		HideSolutionNode = FALSE
	EndGlobalSection
	GlobalSection(ExtensibilityGlobals) = postSolution
		SolutionGuid = {7A5BC0FE-8A95-47A2-892B-8791529D9E79}
	EndGlobalSection
EndGlobal
